
Microsoft Visual Studio Solution File, Format Version 12.00
# Visual Studio Version 17
VisualStudioVersion = 17.7.34018.315
MinimumVisualStudioVersion = 10.0.40219.1
Project("{2150E333-8FDC-42A3-9474-1A3956D46DE8}") = "Services", "Services", "{470B97AA-60A5-4B4E-9942-0F132A0C592E}"
EndProject
Project("{2150E333-8FDC-42A3-9474-1A3956D46DE8}") = "Menu", "Menu", "{52EF634A-03F3-44F0-B024-CB17F648EBA1}"
EndProject
Project("{FAE04EC0-301F-11D3-BF4B-00C04F79EFBC}") = "Menu.API", "Services\Menu\Menu.API\Menu.API.csproj", "{7EF93C7B-19E5-4F51-9563-3D8127E68416}"
EndProject
Global
	GlobalSection(SolutionConfigurationPlatforms) = preSolution
		Debug|Any CPU = Debug|Any CPU
		Release|Any CPU = Release|Any CPU
	EndGlobalSection
	GlobalSection(ProjectConfigurationPlatforms) = postSolution
		{7EF93C7B-19E5-4F51-9563-3D8127E68416}.Debug|Any CPU.ActiveCfg = Debug|Any CPU
		{7EF93C7B-19E5-4F51-9563-3D8127E68416}.Debug|Any CPU.Build.0 = Debug|Any CPU
		{7EF93C7B-19E5-4F51-9563-3D8127E68416}.Release|Any CPU.ActiveCfg = Release|Any CPU
		{7EF93C7B-19E5-4F51-9563-3D8127E68416}.Release|Any CPU.Build.0 = Release|Any CPU
	EndGlobalSection
	GlobalSection(SolutionProperties) = preSolution
		HideSolutionNode = FALSE
	EndGlobalSection
	GlobalSection(NestedProjects) = preSolution
		{52EF634A-03F3-44F0-B024-CB17F648EBA1} = {470B97AA-60A5-4B4E-9942-0F132A0C592E}
		{7EF93C7B-19E5-4F51-9563-3D8127E68416} = {52EF634A-03F3-44F0-B024-CB17F648EBA1}
	EndGlobalSection
	GlobalSection(ExtensibilityGlobals) = postSolution
		SolutionGuid = {0546111A-5F31-4D78-8AA3-3633CC708FC0}
	EndGlobalSection
EndGlobal
