
Microsoft Visual Studio Solution File, Format Version 12.00
# Visual Studio Version 17
VisualStudioVersion = 17.7.34018.315
MinimumVisualStudioVersion = 10.0.40219.1
Project("{2150E333-8FDC-42A3-9474-1A3956D46DE8}") = "Services", "Services", "{470B97AA-60A5-4B4E-9942-0F132A0C592E}"
EndProject
Project("{2150E333-8FDC-42A3-9474-1A3956D46DE8}") = "Catalog", "Catalog", "{5A6FB88F-E439-43CD-A4E1-D7D9E2DCAD8D}"
EndProject
Project("{FAE04EC0-301F-11D3-BF4B-00C04F79EFBC}") = "Catalog.API", "Services\Catalog\Catalog.API\Catalog.API.csproj", "{2803C723-9903-47F6-ABCE-695E9C736C5E}"
EndProject
Project("{E53339B2-1760-4266-BCC7-CA923CBCF16C}") = "docker-compose", "docker-compose.dcproj", "{5AEEF54E-16A6-4F5A-B780-EDD6828FF7B5}"
EndProject
Project("{2150E333-8FDC-42A3-9474-1A3956D46DE8}") = "BuildingBlocks", "BuildingBlocks", "{E77C3F7A-8116-4C1A-A340-B187DAE0A3AC}"
EndProject
Project("{FAE04EC0-301F-11D3-BF4B-00C04F79EFBC}") = "Common.Logging", "BuildingBlocks\Common.Logging\Common.Logging.csproj", "{CEB95795-A44D-4394-8DE2-EAEB68B20CBA}"
EndProject
Project("{FAE04EC0-301F-11D3-BF4B-00C04F79EFBC}") = "EventBus.Messages", "BuildingBlocks\EventBus.Messages\EventBus.Messages.csproj", "{3DD11BB3-CAF7-432B-BDC9-42065F1DD8B7}"
EndProject
Project("{2150E333-8FDC-42A3-9474-1A3956D46DE8}") = "Basket", "Basket", "{000CF0E5-85AD-4720-AF78-DB4A4D68C8BD}"
EndProject
Project("{FAE04EC0-301F-11D3-BF4B-00C04F79EFBC}") = "Basket.API", "Services\Basket\Basket.API\Basket.API.csproj", "{D89DC8E7-5241-4458-8227-8BC2D8C84AD9}"
EndProject
Project("{2150E333-8FDC-42A3-9474-1A3956D46DE8}") = "Ordering", "Ordering", "{FED22CAA-0656-4FA6-BEEE-D4EB89EB8682}"
EndProject
Project("{FAE04EC0-301F-11D3-BF4B-00C04F79EFBC}") = "Ordering.API", "Services\Ordering\Ordering.API\Ordering.API.csproj", "{79BFCBC8-A27F-4769-A1A5-766FEC243AF4}"
EndProject
Project("{FAE04EC0-301F-11D3-BF4B-00C04F79EFBC}") = "Ordering.Application", "Services\Ordering\Ordering.Application\Ordering.Application.csproj", "{483E83B0-6C8B-4216-98AC-7AB402A2D473}"
EndProject
Project("{FAE04EC0-301F-11D3-BF4B-00C04F79EFBC}") = "Ordering.Domain", "Services\Ordering\Ordering.Domain\Ordering.Domain.csproj", "{9D712D7D-DD2C-4B0F-8947-24EB5A707EFD}"
EndProject
Project("{FAE04EC0-301F-11D3-BF4B-00C04F79EFBC}") = "Ordering.Infrastructure", "Services\Ordering\Ordering.Infrastructure\Ordering.Infrastructure.csproj", "{04F08E15-E080-4F0B-BF95-26470873ABA6}"
EndProject
Global
	GlobalSection(SolutionConfigurationPlatforms) = preSolution
		Debug|Any CPU = Debug|Any CPU
		Release|Any CPU = Release|Any CPU
	EndGlobalSection
	GlobalSection(ProjectConfigurationPlatforms) = postSolution
		{2803C723-9903-47F6-ABCE-695E9C736C5E}.Debug|Any CPU.ActiveCfg = Debug|Any CPU
		{2803C723-9903-47F6-ABCE-695E9C736C5E}.Debug|Any CPU.Build.0 = Debug|Any CPU
		{2803C723-9903-47F6-ABCE-695E9C736C5E}.Release|Any CPU.ActiveCfg = Release|Any CPU
		{2803C723-9903-47F6-ABCE-695E9C736C5E}.Release|Any CPU.Build.0 = Release|Any CPU
		{5AEEF54E-16A6-4F5A-B780-EDD6828FF7B5}.Debug|Any CPU.ActiveCfg = Debug|Any CPU
		{5AEEF54E-16A6-4F5A-B780-EDD6828FF7B5}.Debug|Any CPU.Build.0 = Debug|Any CPU
		{5AEEF54E-16A6-4F5A-B780-EDD6828FF7B5}.Release|Any CPU.ActiveCfg = Release|Any CPU
		{5AEEF54E-16A6-4F5A-B780-EDD6828FF7B5}.Release|Any CPU.Build.0 = Release|Any CPU
		{CEB95795-A44D-4394-8DE2-EAEB68B20CBA}.Debug|Any CPU.ActiveCfg = Debug|Any CPU
		{CEB95795-A44D-4394-8DE2-EAEB68B20CBA}.Debug|Any CPU.Build.0 = Debug|Any CPU
		{CEB95795-A44D-4394-8DE2-EAEB68B20CBA}.Release|Any CPU.ActiveCfg = Release|Any CPU
		{CEB95795-A44D-4394-8DE2-EAEB68B20CBA}.Release|Any CPU.Build.0 = Release|Any CPU
		{3DD11BB3-CAF7-432B-BDC9-42065F1DD8B7}.Debug|Any CPU.ActiveCfg = Debug|Any CPU
		{3DD11BB3-CAF7-432B-BDC9-42065F1DD8B7}.Debug|Any CPU.Build.0 = Debug|Any CPU
		{3DD11BB3-CAF7-432B-BDC9-42065F1DD8B7}.Release|Any CPU.ActiveCfg = Release|Any CPU
		{3DD11BB3-CAF7-432B-BDC9-42065F1DD8B7}.Release|Any CPU.Build.0 = Release|Any CPU
		{D89DC8E7-5241-4458-8227-8BC2D8C84AD9}.Debug|Any CPU.ActiveCfg = Debug|Any CPU
		{D89DC8E7-5241-4458-8227-8BC2D8C84AD9}.Debug|Any CPU.Build.0 = Debug|Any CPU
		{D89DC8E7-5241-4458-8227-8BC2D8C84AD9}.Release|Any CPU.ActiveCfg = Release|Any CPU
		{D89DC8E7-5241-4458-8227-8BC2D8C84AD9}.Release|Any CPU.Build.0 = Release|Any CPU
		{79BFCBC8-A27F-4769-A1A5-766FEC243AF4}.Debug|Any CPU.ActiveCfg = Debug|Any CPU
		{79BFCBC8-A27F-4769-A1A5-766FEC243AF4}.Debug|Any CPU.Build.0 = Debug|Any CPU
		{79BFCBC8-A27F-4769-A1A5-766FEC243AF4}.Release|Any CPU.ActiveCfg = Release|Any CPU
		{79BFCBC8-A27F-4769-A1A5-766FEC243AF4}.Release|Any CPU.Build.0 = Release|Any CPU
		{483E83B0-6C8B-4216-98AC-7AB402A2D473}.Debug|Any CPU.ActiveCfg = Debug|Any CPU
		{483E83B0-6C8B-4216-98AC-7AB402A2D473}.Debug|Any CPU.Build.0 = Debug|Any CPU
		{483E83B0-6C8B-4216-98AC-7AB402A2D473}.Release|Any CPU.ActiveCfg = Release|Any CPU
		{483E83B0-6C8B-4216-98AC-7AB402A2D473}.Release|Any CPU.Build.0 = Release|Any CPU
		{9D712D7D-DD2C-4B0F-8947-24EB5A707EFD}.Debug|Any CPU.ActiveCfg = Debug|Any CPU
		{9D712D7D-DD2C-4B0F-8947-24EB5A707EFD}.Debug|Any CPU.Build.0 = Debug|Any CPU
		{9D712D7D-DD2C-4B0F-8947-24EB5A707EFD}.Release|Any CPU.ActiveCfg = Release|Any CPU
		{9D712D7D-DD2C-4B0F-8947-24EB5A707EFD}.Release|Any CPU.Build.0 = Release|Any CPU
		{04F08E15-E080-4F0B-BF95-26470873ABA6}.Debug|Any CPU.ActiveCfg = Debug|Any CPU
		{04F08E15-E080-4F0B-BF95-26470873ABA6}.Debug|Any CPU.Build.0 = Debug|Any CPU
		{04F08E15-E080-4F0B-BF95-26470873ABA6}.Release|Any CPU.ActiveCfg = Release|Any CPU
		{04F08E15-E080-4F0B-BF95-26470873ABA6}.Release|Any CPU.Build.0 = Release|Any CPU
	EndGlobalSection
	GlobalSection(SolutionProperties) = preSolution
		HideSolutionNode = FALSE
	EndGlobalSection
	GlobalSection(NestedProjects) = preSolution
		{5A6FB88F-E439-43CD-A4E1-D7D9E2DCAD8D} = {470B97AA-60A5-4B4E-9942-0F132A0C592E}
		{2803C723-9903-47F6-ABCE-695E9C736C5E} = {5A6FB88F-E439-43CD-A4E1-D7D9E2DCAD8D}
		{CEB95795-A44D-4394-8DE2-EAEB68B20CBA} = {E77C3F7A-8116-4C1A-A340-B187DAE0A3AC}
		{3DD11BB3-CAF7-432B-BDC9-42065F1DD8B7} = {E77C3F7A-8116-4C1A-A340-B187DAE0A3AC}
		{000CF0E5-85AD-4720-AF78-DB4A4D68C8BD} = {470B97AA-60A5-4B4E-9942-0F132A0C592E}
		{D89DC8E7-5241-4458-8227-8BC2D8C84AD9} = {000CF0E5-85AD-4720-AF78-DB4A4D68C8BD}
		{FED22CAA-0656-4FA6-BEEE-D4EB89EB8682} = {470B97AA-60A5-4B4E-9942-0F132A0C592E}
		{79BFCBC8-A27F-4769-A1A5-766FEC243AF4} = {FED22CAA-0656-4FA6-BEEE-D4EB89EB8682}
		{483E83B0-6C8B-4216-98AC-7AB402A2D473} = {FED22CAA-0656-4FA6-BEEE-D4EB89EB8682}
		{9D712D7D-DD2C-4B0F-8947-24EB5A707EFD} = {FED22CAA-0656-4FA6-BEEE-D4EB89EB8682}
		{04F08E15-E080-4F0B-BF95-26470873ABA6} = {FED22CAA-0656-4FA6-BEEE-D4EB89EB8682}
	EndGlobalSection
	GlobalSection(ExtensibilityGlobals) = postSolution
		SolutionGuid = {0546111A-5F31-4D78-8AA3-3633CC708FC0}
	EndGlobalSection
EndGlobal
